
Microsoft Visual Studio Solution File, Format Version 12.00
# Visual Studio Version 17
VisualStudioVersion = 17.4.33213.308
MinimumVisualStudioVersion = 10.0.40219.1
Project("{FAE04EC0-301F-11D3-BF4B-00C04F79EFBC}") = "VideoClub.Api", "VideoClub.Api\VideoClub.Api.csproj", "{A40A63DB-F116-4373-9CFB-470DF4E1A4A9}"
EndProject
Project("{FAE04EC0-301F-11D3-BF4B-00C04F79EFBC}") = "VideoClub.Data", "VideoClub.Data\VideoClub.Data.csproj", "{B8BF9E92-0ACB-4F1E-B0C3-494FB51A396A}"
EndProject
Global
	GlobalSection(SolutionConfigurationPlatforms) = preSolution
		Debug|Any CPU = Debug|Any CPU
		Release|Any CPU = Release|Any CPU
	EndGlobalSection
	GlobalSection(ProjectConfigurationPlatforms) = postSolution
		{A40A63DB-F116-4373-9CFB-470DF4E1A4A9}.Debug|Any CPU.ActiveCfg = Debug|Any CPU
		{A40A63DB-F116-4373-9CFB-470DF4E1A4A9}.Debug|Any CPU.Build.0 = Debug|Any CPU
		{A40A63DB-F116-4373-9CFB-470DF4E1A4A9}.Release|Any CPU.ActiveCfg = Release|Any CPU
		{A40A63DB-F116-4373-9CFB-470DF4E1A4A9}.Release|Any CPU.Build.0 = Release|Any CPU
		{B8BF9E92-0ACB-4F1E-B0C3-494FB51A396A}.Debug|Any CPU.ActiveCfg = Debug|Any CPU
		{B8BF9E92-0ACB-4F1E-B0C3-494FB51A396A}.Debug|Any CPU.Build.0 = Debug|Any CPU
		{B8BF9E92-0ACB-4F1E-B0C3-494FB51A396A}.Release|Any CPU.ActiveCfg = Release|Any CPU
		{B8BF9E92-0ACB-4F1E-B0C3-494FB51A396A}.Release|Any CPU.Build.0 = Release|Any CPU
	EndGlobalSection
	GlobalSection(SolutionProperties) = preSolution
		HideSolutionNode = FALSE
	EndGlobalSection
	GlobalSection(ExtensibilityGlobals) = postSolution
		SolutionGuid = {C05906DF-2AE7-422F-B4F8-22A5E0EF347F}
	EndGlobalSection
EndGlobal
